// !$*UTF8*$!
{
	archiveVersion = 1;
	classes = {
	};
	objectVersion = 46;
	objects = {

/* Begin PBXBuildFile section */
		AD71E33C1CB39D8A005E784E /* 1721692.png in Resources */ = {isa = PBXBuildFile; fileRef = AD71E33B1CB39D8A005E784E /* 1721692.png */; };
		AD71E33D1CB39D8A005E784E /* 1721692.png in Resources */ = {isa = PBXBuildFile; fileRef = AD71E33B1CB39D8A005E784E /* 1721692.png */; };
		AD71E33F1CB39F88005E784E /* Event.swift in Sources */ = {isa = PBXBuildFile; fileRef = AD71E33E1CB39F88005E784E /* Event.swift */; };
		AD71E3401CB39F88005E784E /* Event.swift in Sources */ = {isa = PBXBuildFile; fileRef = AD71E33E1CB39F88005E784E /* Event.swift */; };
		AD71E3421CB39FC0005E784E /* Programme.swift in Sources */ = {isa = PBXBuildFile; fileRef = AD71E3411CB39FC0005E784E /* Programme.swift */; };
		AD71E3431CB39FC0005E784E /* Programme.swift in Sources */ = {isa = PBXBuildFile; fileRef = AD71E3411CB39FC0005E784E /* Programme.swift */; };
		AD71E3451CB39FCB005E784E /* DayWithActivities.swift in Sources */ = {isa = PBXBuildFile; fileRef = AD71E3441CB39FCB005E784E /* DayWithActivities.swift */; };
		AD71E3461CB39FCB005E784E /* DayWithActivities.swift in Sources */ = {isa = PBXBuildFile; fileRef = AD71E3441CB39FCB005E784E /* DayWithActivities.swift */; };
		AD71E34B1CB39FDD005E784E /* Map.swift in Sources */ = {isa = PBXBuildFile; fileRef = AD71E34A1CB39FDD005E784E /* Map.swift */; };
		AD71E34C1CB39FDD005E784E /* Map.swift in Sources */ = {isa = PBXBuildFile; fileRef = AD71E34A1CB39FDD005E784E /* Map.swift */; };
		AD71E34E1CB3A2A0005E784E /* SpeakerSet.swift in Sources */ = {isa = PBXBuildFile; fileRef = AD71E34D1CB3A2A0005E784E /* SpeakerSet.swift */; };
		AD71E34F1CB3A2A0005E784E /* SpeakerSet.swift in Sources */ = {isa = PBXBuildFile; fileRef = AD71E34D1CB3A2A0005E784E /* SpeakerSet.swift */; };
		ADAAB9031C7C57E400EE9FEE /* ProgrammeTableViewCell.swift in Sources */ = {isa = PBXBuildFile; fileRef = ADAAB9021C7C57E400EE9FEE /* ProgrammeTableViewCell.swift */; };
		ADAAB9041C7C57E400EE9FEE /* ProgrammeTableViewCell.swift in Sources */ = {isa = PBXBuildFile; fileRef = ADAAB9021C7C57E400EE9FEE /* ProgrammeTableViewCell.swift */; };
		ADAAB9091C7C5B6000EE9FEE /* ProgrammeViewController.swift in Sources */ = {isa = PBXBuildFile; fileRef = ADAAB9081C7C5B6000EE9FEE /* ProgrammeViewController.swift */; };
		ADAAB90A1C7C5B6000EE9FEE /* ProgrammeViewController.swift in Sources */ = {isa = PBXBuildFile; fileRef = ADAAB9081C7C5B6000EE9FEE /* ProgrammeViewController.swift */; };
		ADB25C6B1C860B8E00AF3369 /* EventViewController.swift in Sources */ = {isa = PBXBuildFile; fileRef = ADB25C6A1C860B8E00AF3369 /* EventViewController.swift */; };
		ADB25C6C1C860B8E00AF3369 /* EventViewController.swift in Sources */ = {isa = PBXBuildFile; fileRef = ADB25C6A1C860B8E00AF3369 /* EventViewController.swift */; };
		ADE05F1F1C7B21F600872D80 /* AppDelegate.swift in Sources */ = {isa = PBXBuildFile; fileRef = ADE05F1E1C7B21F600872D80 /* AppDelegate.swift */; };
		ADE05F211C7B21F600872D80 /* ViewController.swift in Sources */ = {isa = PBXBuildFile; fileRef = ADE05F201C7B21F600872D80 /* ViewController.swift */; };
		ADE05F241C7B21F600872D80 /* Main.storyboard in Resources */ = {isa = PBXBuildFile; fileRef = ADE05F221C7B21F600872D80 /* Main.storyboard */; };
		ADE05F271C7B21F600872D80 /* FISU_application.xcdatamodeld in Sources */ = {isa = PBXBuildFile; fileRef = ADE05F251C7B21F600872D80 /* FISU_application.xcdatamodeld */; };
		ADE05F291C7B21F600872D80 /* Assets.xcassets in Resources */ = {isa = PBXBuildFile; fileRef = ADE05F281C7B21F600872D80 /* Assets.xcassets */; };
		ADE05F2C1C7B21F600872D80 /* LaunchScreen.storyboard in Resources */ = {isa = PBXBuildFile; fileRef = ADE05F2A1C7B21F600872D80 /* LaunchScreen.storyboard */; };
		ADE05F371C7B21F600872D80 /* FISU_applicationTests.swift in Sources */ = {isa = PBXBuildFile; fileRef = ADE05F361C7B21F600872D80 /* FISU_applicationTests.swift */; };
		E21278B41CBAF6CA003E383E /* misc.png in Resources */ = {isa = PBXBuildFile; fileRef = E21278B11CBAF6CA003E383E /* misc.png */; };
		E21278B61CBAF6CA003E383E /* calendar.png in Resources */ = {isa = PBXBuildFile; fileRef = E21278B31CBAF6CA003E383E /* calendar.png */; };
		E21A31B21CA4029200B83BC4 /* FisuCoreDataManager.swift in Sources */ = {isa = PBXBuildFile; fileRef = E21A31B11CA4029200B83BC4 /* FisuCoreDataManager.swift */; };
		E21A31B31CA4029200B83BC4 /* FisuCoreDataManager.swift in Sources */ = {isa = PBXBuildFile; fileRef = E21A31B11CA4029200B83BC4 /* FisuCoreDataManager.swift */; };
		E21A31CC1CA4044C00B83BC4 /* Speaker+CoreDataProperties.swift in Sources */ = {isa = PBXBuildFile; fileRef = E21A31B81CA4044C00B83BC4 /* Speaker+CoreDataProperties.swift */; };
		E21A31CD1CA4044C00B83BC4 /* Speaker+CoreDataProperties.swift in Sources */ = {isa = PBXBuildFile; fileRef = E21A31B81CA4044C00B83BC4 /* Speaker+CoreDataProperties.swift */; };
		E21A31CE1CA4044C00B83BC4 /* Speaker.swift in Sources */ = {isa = PBXBuildFile; fileRef = E21A31B91CA4044C00B83BC4 /* Speaker.swift */; };
		E21A31CF1CA4044C00B83BC4 /* Speaker.swift in Sources */ = {isa = PBXBuildFile; fileRef = E21A31B91CA4044C00B83BC4 /* Speaker.swift */; };
		E21A31D01CA4044C00B83BC4 /* PlaceType+CoreDataProperties.swift in Sources */ = {isa = PBXBuildFile; fileRef = E21A31BA1CA4044C00B83BC4 /* PlaceType+CoreDataProperties.swift */; };
		E21A31D11CA4044C00B83BC4 /* PlaceType+CoreDataProperties.swift in Sources */ = {isa = PBXBuildFile; fileRef = E21A31BA1CA4044C00B83BC4 /* PlaceType+CoreDataProperties.swift */; };
		E21A31D21CA4044C00B83BC4 /* PlaceType.swift in Sources */ = {isa = PBXBuildFile; fileRef = E21A31BB1CA4044C00B83BC4 /* PlaceType.swift */; };
		E21A31D31CA4044C00B83BC4 /* PlaceType.swift in Sources */ = {isa = PBXBuildFile; fileRef = E21A31BB1CA4044C00B83BC4 /* PlaceType.swift */; };
		E21A31D41CA4044C00B83BC4 /* Place+CoreDataProperties.swift in Sources */ = {isa = PBXBuildFile; fileRef = E21A31BC1CA4044C00B83BC4 /* Place+CoreDataProperties.swift */; };
		E21A31D51CA4044C00B83BC4 /* Place+CoreDataProperties.swift in Sources */ = {isa = PBXBuildFile; fileRef = E21A31BC1CA4044C00B83BC4 /* Place+CoreDataProperties.swift */; };
		E21A31D61CA4044C00B83BC4 /* Place.swift in Sources */ = {isa = PBXBuildFile; fileRef = E21A31BD1CA4044C00B83BC4 /* Place.swift */; };
		E21A31D71CA4044C00B83BC4 /* Place.swift in Sources */ = {isa = PBXBuildFile; fileRef = E21A31BD1CA4044C00B83BC4 /* Place.swift */; };
		E21A31D81CA4044C00B83BC4 /* Activity+CoreDataProperties.swift in Sources */ = {isa = PBXBuildFile; fileRef = E21A31BE1CA4044C00B83BC4 /* Activity+CoreDataProperties.swift */; };
		E21A31D91CA4044C00B83BC4 /* Activity+CoreDataProperties.swift in Sources */ = {isa = PBXBuildFile; fileRef = E21A31BE1CA4044C00B83BC4 /* Activity+CoreDataProperties.swift */; };
		E21A31DA1CA4044C00B83BC4 /* Activity.swift in Sources */ = {isa = PBXBuildFile; fileRef = E21A31BF1CA4044C00B83BC4 /* Activity.swift */; };
		E21A31DB1CA4044C00B83BC4 /* Activity.swift in Sources */ = {isa = PBXBuildFile; fileRef = E21A31BF1CA4044C00B83BC4 /* Activity.swift */; };
		E21A31DC1CA4044C00B83BC4 /* ActivityCategory+CoreDataProperties.swift in Sources */ = {isa = PBXBuildFile; fileRef = E21A31C01CA4044C00B83BC4 /* ActivityCategory+CoreDataProperties.swift */; };
		E21A31DD1CA4044C00B83BC4 /* ActivityCategory+CoreDataProperties.swift in Sources */ = {isa = PBXBuildFile; fileRef = E21A31C01CA4044C00B83BC4 /* ActivityCategory+CoreDataProperties.swift */; };
		E21A31DE1CA4044C00B83BC4 /* ActivityCategory.swift in Sources */ = {isa = PBXBuildFile; fileRef = E21A31C11CA4044C00B83BC4 /* ActivityCategory.swift */; };
		E21A31DF1CA4044C00B83BC4 /* ActivityCategory.swift in Sources */ = {isa = PBXBuildFile; fileRef = E21A31C11CA4044C00B83BC4 /* ActivityCategory.swift */; };
		E21A31E01CA4044C00B83BC4 /* Restaurant+CoreDataProperties.swift in Sources */ = {isa = PBXBuildFile; fileRef = E21A31C21CA4044C00B83BC4 /* Restaurant+CoreDataProperties.swift */; };
		E21A31E11CA4044C00B83BC4 /* Restaurant+CoreDataProperties.swift in Sources */ = {isa = PBXBuildFile; fileRef = E21A31C21CA4044C00B83BC4 /* Restaurant+CoreDataProperties.swift */; };
		E21A31E21CA4044C00B83BC4 /* Restaurant.swift in Sources */ = {isa = PBXBuildFile; fileRef = E21A31C31CA4044C00B83BC4 /* Restaurant.swift */; };
		E21A31E31CA4044C00B83BC4 /* Restaurant.swift in Sources */ = {isa = PBXBuildFile; fileRef = E21A31C31CA4044C00B83BC4 /* Restaurant.swift */; };
		E2493F0D1CBCCB0900BDD760 /* AppDelegate.swift in Sources */ = {isa = PBXBuildFile; fileRef = ADE05F1E1C7B21F600872D80 /* AppDelegate.swift */; };
		E2493F0E1CBCCBBB00BDD760 /* FISU_application.xcdatamodeld in Sources */ = {isa = PBXBuildFile; fileRef = ADE05F251C7B21F600872D80 /* FISU_application.xcdatamodeld */; };
		E2493F0F1CBCCBD900BDD760 /* MapViewController.swift in Sources */ = {isa = PBXBuildFile; fileRef = E274E0671C91B43500AF8CE9 /* MapViewController.swift */; };
		E251998B1CBC209000853B07 /* sport.png in Resources */ = {isa = PBXBuildFile; fileRef = E251998A1CBC209000853B07 /* sport.png */; };
		E25199911CBC548600853B07 /* micro.png in Resources */ = {isa = PBXBuildFile; fileRef = E25199901CBC548600853B07 /* micro.png */; };
		E25199951CBC548C00853B07 /* microChecked.png in Resources */ = {isa = PBXBuildFile; fileRef = E25199921CBC548C00853B07 /* microChecked.png */; };
		E25199961CBC548C00853B07 /* miscChecked.png in Resources */ = {isa = PBXBuildFile; fileRef = E25199931CBC548C00853B07 /* miscChecked.png */; };
		E25199971CBC548C00853B07 /* sportChecked.png in Resources */ = {isa = PBXBuildFile; fileRef = E25199941CBC548C00853B07 /* sportChecked.png */; };
		E274E0681C91B43500AF8CE9 /* MapViewController.swift in Sources */ = {isa = PBXBuildFile; fileRef = E274E0671C91B43500AF8CE9 /* MapViewController.swift */; };
		E2AD35631CB6B5C300891CF2 /* SpeakerTableViewCell.swift in Sources */ = {isa = PBXBuildFile; fileRef = E2AD35621CB6B5C300891CF2 /* SpeakerTableViewCell.swift */; };
		E2AD35641CB6B5C300891CF2 /* SpeakerTableViewCell.swift in Sources */ = {isa = PBXBuildFile; fileRef = E2AD35621CB6B5C300891CF2 /* SpeakerTableViewCell.swift */; };
		E2AD35661CB6C21100891CF2 /* SpeakerViewController.swift in Sources */ = {isa = PBXBuildFile; fileRef = E2AD35651CB6C21100891CF2 /* SpeakerViewController.swift */; };
		E2AD35671CB6C21100891CF2 /* SpeakerViewController.swift in Sources */ = {isa = PBXBuildFile; fileRef = E2AD35651CB6C21100891CF2 /* SpeakerViewController.swift */; };
		E2ECC0CB1CB947FB0058F888 /* RestaurantTableViewCell.swift in Sources */ = {isa = PBXBuildFile; fileRef = E2ECC0CA1CB947FB0058F888 /* RestaurantTableViewCell.swift */; };
		E2ECC0CC1CB947FB0058F888 /* RestaurantTableViewCell.swift in Sources */ = {isa = PBXBuildFile; fileRef = E2ECC0CA1CB947FB0058F888 /* RestaurantTableViewCell.swift */; };
		E2ECC0CE1CB948F70058F888 /* RestaurantViewController.swift in Sources */ = {isa = PBXBuildFile; fileRef = E2ECC0CD1CB948F70058F888 /* RestaurantViewController.swift */; };
		E2ECC0CF1CB948F70058F888 /* RestaurantViewController.swift in Sources */ = {isa = PBXBuildFile; fileRef = E2ECC0CD1CB948F70058F888 /* RestaurantViewController.swift */; };
		E2ECC0D11CB94BB70058F888 /* RestaurantSet.swift in Sources */ = {isa = PBXBuildFile; fileRef = E2ECC0D01CB94BB70058F888 /* RestaurantSet.swift */; };
		E2ECC0D21CB94BB70058F888 /* RestaurantSet.swift in Sources */ = {isa = PBXBuildFile; fileRef = E2ECC0D01CB94BB70058F888 /* RestaurantSet.swift */; };
		E2ECC0D41CB9555D0058F888 /* RestaurantPageViewController.swift in Sources */ = {isa = PBXBuildFile; fileRef = E2ECC0D31CB9555D0058F888 /* RestaurantPageViewController.swift */; };
		E2ECC0D51CB9555D0058F888 /* RestaurantPageViewController.swift in Sources */ = {isa = PBXBuildFile; fileRef = E2ECC0D31CB9555D0058F888 /* RestaurantPageViewController.swift */; };
		E2ECC0DD1CBA7D4C0058F888 /* Place Annotation.swift in Sources */ = {isa = PBXBuildFile; fileRef = E2ECC0DC1CBA7D4C0058F888 /* Place Annotation.swift */; };
		E2ECC0DE1CBA7D4C0058F888 /* Place Annotation.swift in Sources */ = {isa = PBXBuildFile; fileRef = E2ECC0DC1CBA7D4C0058F888 /* Place Annotation.swift */; };
/* End PBXBuildFile section */

/* Begin PBXContainerItemProxy section */
		ADE05F331C7B21F600872D80 /* PBXContainerItemProxy */ = {
			isa = PBXContainerItemProxy;
			containerPortal = ADE05F131C7B21F500872D80 /* Project object */;
			proxyType = 1;
			remoteGlobalIDString = ADE05F1A1C7B21F500872D80;
			remoteInfo = FISU_application;
		};
/* End PBXContainerItemProxy section */

/* Begin PBXFileReference section */
		AD71E33B1CB39D8A005E784E /* 1721692.png */ = {isa = PBXFileReference; lastKnownFileType = image.png; path = 1721692.png; sourceTree = "<group>"; };
		AD71E33E1CB39F88005E784E /* Event.swift */ = {isa = PBXFileReference; fileEncoding = 4; lastKnownFileType = sourcecode.swift; path = Event.swift; sourceTree = "<group>"; };
		AD71E3411CB39FC0005E784E /* Programme.swift */ = {isa = PBXFileReference; fileEncoding = 4; lastKnownFileType = sourcecode.swift; path = Programme.swift; sourceTree = "<group>"; };
		AD71E3441CB39FCB005E784E /* DayWithActivities.swift */ = {isa = PBXFileReference; fileEncoding = 4; lastKnownFileType = sourcecode.swift; path = DayWithActivities.swift; sourceTree = "<group>"; };
		AD71E34A1CB39FDD005E784E /* Map.swift */ = {isa = PBXFileReference; fileEncoding = 4; lastKnownFileType = sourcecode.swift; path = Map.swift; sourceTree = "<group>"; };
		AD71E34D1CB3A2A0005E784E /* SpeakerSet.swift */ = {isa = PBXFileReference; fileEncoding = 4; lastKnownFileType = sourcecode.swift; path = SpeakerSet.swift; sourceTree = "<group>"; };
		ADAAB9021C7C57E400EE9FEE /* ProgrammeTableViewCell.swift */ = {isa = PBXFileReference; fileEncoding = 4; lastKnownFileType = sourcecode.swift; path = ProgrammeTableViewCell.swift; sourceTree = "<group>"; };
		ADAAB9081C7C5B6000EE9FEE /* ProgrammeViewController.swift */ = {isa = PBXFileReference; fileEncoding = 4; lastKnownFileType = sourcecode.swift; path = ProgrammeViewController.swift; sourceTree = "<group>"; };
		ADB25C6A1C860B8E00AF3369 /* EventViewController.swift */ = {isa = PBXFileReference; fileEncoding = 4; lastKnownFileType = sourcecode.swift; path = EventViewController.swift; sourceTree = "<group>"; };
		ADE05F1B1C7B21F500872D80 /* FISU_application.app */ = {isa = PBXFileReference; explicitFileType = wrapper.application; includeInIndex = 0; path = FISU_application.app; sourceTree = BUILT_PRODUCTS_DIR; };
		ADE05F1E1C7B21F600872D80 /* AppDelegate.swift */ = {isa = PBXFileReference; lastKnownFileType = sourcecode.swift; path = AppDelegate.swift; sourceTree = "<group>"; };
		ADE05F201C7B21F600872D80 /* ViewController.swift */ = {isa = PBXFileReference; lastKnownFileType = sourcecode.swift; path = ViewController.swift; sourceTree = "<group>"; };
		ADE05F231C7B21F600872D80 /* Base */ = {isa = PBXFileReference; lastKnownFileType = file.storyboard; name = Base; path = Base.lproj/Main.storyboard; sourceTree = "<group>"; };
		ADE05F261C7B21F600872D80 /* FISU_application.xcdatamodel */ = {isa = PBXFileReference; lastKnownFileType = wrapper.xcdatamodel; path = FISU_application.xcdatamodel; sourceTree = "<group>"; };
		ADE05F281C7B21F600872D80 /* Assets.xcassets */ = {isa = PBXFileReference; lastKnownFileType = folder.assetcatalog; path = Assets.xcassets; sourceTree = "<group>"; };
		ADE05F2B1C7B21F600872D80 /* Base */ = {isa = PBXFileReference; lastKnownFileType = file.storyboard; name = Base; path = Base.lproj/LaunchScreen.storyboard; sourceTree = "<group>"; };
		ADE05F2D1C7B21F600872D80 /* Info.plist */ = {isa = PBXFileReference; lastKnownFileType = text.plist.xml; path = Info.plist; sourceTree = "<group>"; };
		ADE05F321C7B21F600872D80 /* FISU_applicationTests.xctest */ = {isa = PBXFileReference; explicitFileType = wrapper.cfbundle; includeInIndex = 0; path = FISU_applicationTests.xctest; sourceTree = BUILT_PRODUCTS_DIR; };
		ADE05F361C7B21F600872D80 /* FISU_applicationTests.swift */ = {isa = PBXFileReference; lastKnownFileType = sourcecode.swift; path = FISU_applicationTests.swift; sourceTree = "<group>"; };
		ADE05F381C7B21F600872D80 /* Info.plist */ = {isa = PBXFileReference; lastKnownFileType = text.plist.xml; path = Info.plist; sourceTree = "<group>"; };
		E21278B11CBAF6CA003E383E /* misc.png */ = {isa = PBXFileReference; lastKnownFileType = image.png; path = misc.png; sourceTree = "<group>"; };
		E21278B31CBAF6CA003E383E /* calendar.png */ = {isa = PBXFileReference; lastKnownFileType = image.png; path = calendar.png; sourceTree = "<group>"; };
		E21A31B11CA4029200B83BC4 /* FisuCoreDataManager.swift */ = {isa = PBXFileReference; fileEncoding = 4; lastKnownFileType = sourcecode.swift; path = FisuCoreDataManager.swift; sourceTree = "<group>"; };
		E21A31B81CA4044C00B83BC4 /* Speaker+CoreDataProperties.swift */ = {isa = PBXFileReference; fileEncoding = 4; lastKnownFileType = sourcecode.swift; path = "Speaker+CoreDataProperties.swift"; sourceTree = "<group>"; };
		E21A31B91CA4044C00B83BC4 /* Speaker.swift */ = {isa = PBXFileReference; fileEncoding = 4; lastKnownFileType = sourcecode.swift; path = Speaker.swift; sourceTree = "<group>"; };
		E21A31BA1CA4044C00B83BC4 /* PlaceType+CoreDataProperties.swift */ = {isa = PBXFileReference; fileEncoding = 4; lastKnownFileType = sourcecode.swift; path = "PlaceType+CoreDataProperties.swift"; sourceTree = "<group>"; };
		E21A31BB1CA4044C00B83BC4 /* PlaceType.swift */ = {isa = PBXFileReference; fileEncoding = 4; lastKnownFileType = sourcecode.swift; path = PlaceType.swift; sourceTree = "<group>"; };
		E21A31BC1CA4044C00B83BC4 /* Place+CoreDataProperties.swift */ = {isa = PBXFileReference; fileEncoding = 4; lastKnownFileType = sourcecode.swift; path = "Place+CoreDataProperties.swift"; sourceTree = "<group>"; };
		E21A31BD1CA4044C00B83BC4 /* Place.swift */ = {isa = PBXFileReference; fileEncoding = 4; lastKnownFileType = sourcecode.swift; path = Place.swift; sourceTree = "<group>"; };
		E21A31BE1CA4044C00B83BC4 /* Activity+CoreDataProperties.swift */ = {isa = PBXFileReference; fileEncoding = 4; lastKnownFileType = sourcecode.swift; path = "Activity+CoreDataProperties.swift"; sourceTree = "<group>"; };
		E21A31BF1CA4044C00B83BC4 /* Activity.swift */ = {isa = PBXFileReference; fileEncoding = 4; lastKnownFileType = sourcecode.swift; path = Activity.swift; sourceTree = "<group>"; };
		E21A31C01CA4044C00B83BC4 /* ActivityCategory+CoreDataProperties.swift */ = {isa = PBXFileReference; fileEncoding = 4; lastKnownFileType = sourcecode.swift; path = "ActivityCategory+CoreDataProperties.swift"; sourceTree = "<group>"; };
		E21A31C11CA4044C00B83BC4 /* ActivityCategory.swift */ = {isa = PBXFileReference; fileEncoding = 4; lastKnownFileType = sourcecode.swift; path = ActivityCategory.swift; sourceTree = "<group>"; };
		E21A31C21CA4044C00B83BC4 /* Restaurant+CoreDataProperties.swift */ = {isa = PBXFileReference; fileEncoding = 4; lastKnownFileType = sourcecode.swift; path = "Restaurant+CoreDataProperties.swift"; sourceTree = "<group>"; };
		E21A31C31CA4044C00B83BC4 /* Restaurant.swift */ = {isa = PBXFileReference; fileEncoding = 4; lastKnownFileType = sourcecode.swift; path = Restaurant.swift; sourceTree = "<group>"; };
		E251998A1CBC209000853B07 /* sport.png */ = {isa = PBXFileReference; lastKnownFileType = image.png; path = sport.png; sourceTree = "<group>"; };
		E25199901CBC548600853B07 /* micro.png */ = {isa = PBXFileReference; lastKnownFileType = image.png; path = micro.png; sourceTree = "<group>"; };
		E25199921CBC548C00853B07 /* microChecked.png */ = {isa = PBXFileReference; lastKnownFileType = image.png; path = microChecked.png; sourceTree = "<group>"; };
		E25199931CBC548C00853B07 /* miscChecked.png */ = {isa = PBXFileReference; lastKnownFileType = image.png; path = miscChecked.png; sourceTree = "<group>"; };
		E25199941CBC548C00853B07 /* sportChecked.png */ = {isa = PBXFileReference; lastKnownFileType = image.png; path = sportChecked.png; sourceTree = "<group>"; };
		E274E0671C91B43500AF8CE9 /* MapViewController.swift */ = {isa = PBXFileReference; fileEncoding = 4; lastKnownFileType = sourcecode.swift; path = MapViewController.swift; sourceTree = "<group>"; };
		E2AD35621CB6B5C300891CF2 /* SpeakerTableViewCell.swift */ = {isa = PBXFileReference; fileEncoding = 4; lastKnownFileType = sourcecode.swift; path = SpeakerTableViewCell.swift; sourceTree = "<group>"; };
		E2AD35651CB6C21100891CF2 /* SpeakerViewController.swift */ = {isa = PBXFileReference; fileEncoding = 4; lastKnownFileType = sourcecode.swift; path = SpeakerViewController.swift; sourceTree = "<group>"; };
		E2ECC0CA1CB947FB0058F888 /* RestaurantTableViewCell.swift */ = {isa = PBXFileReference; fileEncoding = 4; lastKnownFileType = sourcecode.swift; path = RestaurantTableViewCell.swift; sourceTree = "<group>"; };
		E2ECC0CD1CB948F70058F888 /* RestaurantViewController.swift */ = {isa = PBXFileReference; fileEncoding = 4; lastKnownFileType = sourcecode.swift; path = RestaurantViewController.swift; sourceTree = "<group>"; };
		E2ECC0D01CB94BB70058F888 /* RestaurantSet.swift */ = {isa = PBXFileReference; fileEncoding = 4; lastKnownFileType = sourcecode.swift; path = RestaurantSet.swift; sourceTree = "<group>"; };
		E2ECC0D31CB9555D0058F888 /* RestaurantPageViewController.swift */ = {isa = PBXFileReference; fileEncoding = 4; lastKnownFileType = sourcecode.swift; path = RestaurantPageViewController.swift; sourceTree = "<group>"; };
		E2ECC0DC1CBA7D4C0058F888 /* Place Annotation.swift */ = {isa = PBXFileReference; fileEncoding = 4; lastKnownFileType = sourcecode.swift; path = "Place Annotation.swift"; sourceTree = "<group>"; };
/* End PBXFileReference section */

/* Begin PBXFrameworksBuildPhase section */
		ADE05F181C7B21F500872D80 /* Frameworks */ = {
			isa = PBXFrameworksBuildPhase;
			buildActionMask = 2147483647;
			files = (
			);
			runOnlyForDeploymentPostprocessing = 0;
		};
		ADE05F2F1C7B21F600872D80 /* Frameworks */ = {
			isa = PBXFrameworksBuildPhase;
			buildActionMask = 2147483647;
			files = (
			);
			runOnlyForDeploymentPostprocessing = 0;
		};
/* End PBXFrameworksBuildPhase section */

/* Begin PBXGroup section */
		ADE05F121C7B21F500872D80 = {
			isa = PBXGroup;
			children = (
				E212B38A1CA5BF5200910947 /* Resources */,
				ADE05F1D1C7B21F500872D80 /* FISU_application */,
				ADE05F351C7B21F600872D80 /* FISU_applicationTests */,
				ADE05F1C1C7B21F500872D80 /* Products */,
			);
			sourceTree = "<group>";
		};
		ADE05F1C1C7B21F500872D80 /* Products */ = {
			isa = PBXGroup;
			children = (
				ADE05F1B1C7B21F500872D80 /* FISU_application.app */,
				ADE05F321C7B21F600872D80 /* FISU_applicationTests.xctest */,
			);
			name = Products;
			sourceTree = "<group>";
		};
		ADE05F1D1C7B21F500872D80 /* FISU_application */ = {
			isa = PBXGroup;
			children = (
				ADE05F1E1C7B21F600872D80 /* AppDelegate.swift */,
				E2AD35651CB6C21100891CF2 /* SpeakerViewController.swift */,
				E21A31B11CA4029200B83BC4 /* FisuCoreDataManager.swift */,
				ADE05F221C7B21F600872D80 /* Main.storyboard */,
				ADE05F251C7B21F600872D80 /* FISU_application.xcdatamodeld */,
				ADE05F201C7B21F600872D80 /* ViewController.swift */,
				ADAAB9081C7C5B6000EE9FEE /* ProgrammeViewController.swift */,
				ADB25C6A1C860B8E00AF3369 /* EventViewController.swift */,
				E2ECC0CD1CB948F70058F888 /* RestaurantViewController.swift */,
				E2ECC0D31CB9555D0058F888 /* RestaurantPageViewController.swift */,
				E274E0671C91B43500AF8CE9 /* MapViewController.swift */,
				ADAAB9021C7C57E400EE9FEE /* ProgrammeTableViewCell.swift */,
				E2AD35621CB6B5C300891CF2 /* SpeakerTableViewCell.swift */,
				E2ECC0CA1CB947FB0058F888 /* RestaurantTableViewCell.swift */,
				ADE05F2A1C7B21F600872D80 /* LaunchScreen.storyboard */,
				ADE05F2D1C7B21F600872D80 /* Info.plist */,
				ADE05F281C7B21F600872D80 /* Assets.xcassets */,
				ADE05F4A1C7B240E00872D80 /* Model */,
				ADE913161C7DA08B003E9018 /* Utils */,
			);
			path = FISU_application;
			sourceTree = "<group>";
		};
		ADE05F351C7B21F600872D80 /* FISU_applicationTests */ = {
			isa = PBXGroup;
			children = (
				ADE05F361C7B21F600872D80 /* FISU_applicationTests.swift */,
				ADE05F381C7B21F600872D80 /* Info.plist */,
			);
			path = FISU_applicationTests;
			sourceTree = "<group>";
		};
		ADE05F4A1C7B240E00872D80 /* Model */ = {
			isa = PBXGroup;
			children = (
				AD71E33E1CB39F88005E784E /* Event.swift */,
				AD71E3411CB39FC0005E784E /* Programme.swift */,
				AD71E34A1CB39FDD005E784E /* Map.swift */,
				AD71E34D1CB3A2A0005E784E /* SpeakerSet.swift */,
				E2ECC0D01CB94BB70058F888 /* RestaurantSet.swift */,
				E2ECC0DC1CBA7D4C0058F888 /* Place Annotation.swift */,
				AD71E3441CB39FCB005E784E /* DayWithActivities.swift */,
				E21A31E41CA410E300B83BC4 /* CoreData */,
			);
			name = Model;
			sourceTree = "<group>";
		};
		ADE913161C7DA08B003E9018 /* Utils */ = {
			isa = PBXGroup;
			children = (
			);
			name = Utils;
			sourceTree = "<group>";
		};
		E212B38A1CA5BF5200910947 /* Resources */ = {
			isa = PBXGroup;
			children = (
				AD71E33B1CB39D8A005E784E /* 1721692.png */,
				E21278B11CBAF6CA003E383E /* misc.png */,
				E25199921CBC548C00853B07 /* microChecked.png */,
				E25199931CBC548C00853B07 /* miscChecked.png */,
				E25199941CBC548C00853B07 /* sportChecked.png */,
				E25199901CBC548600853B07 /* micro.png */,
				E21278B31CBAF6CA003E383E /* calendar.png */,
				E251998A1CBC209000853B07 /* sport.png */,
			);
			name = Resources;
			sourceTree = "<group>";
		};
		E21A31E41CA410E300B83BC4 /* CoreData */ = {
			isa = PBXGroup;
			children = (
				E21A31B81CA4044C00B83BC4 /* Speaker+CoreDataProperties.swift */,
				E21A31B91CA4044C00B83BC4 /* Speaker.swift */,
				E21A31BA1CA4044C00B83BC4 /* PlaceType+CoreDataProperties.swift */,
				E21A31BB1CA4044C00B83BC4 /* PlaceType.swift */,
				E21A31BC1CA4044C00B83BC4 /* Place+CoreDataProperties.swift */,
				E21A31BD1CA4044C00B83BC4 /* Place.swift */,
				E21A31BE1CA4044C00B83BC4 /* Activity+CoreDataProperties.swift */,
				E21A31BF1CA4044C00B83BC4 /* Activity.swift */,
				E21A31C01CA4044C00B83BC4 /* ActivityCategory+CoreDataProperties.swift */,
				E21A31C11CA4044C00B83BC4 /* ActivityCategory.swift */,
				E21A31C21CA4044C00B83BC4 /* Restaurant+CoreDataProperties.swift */,
				E21A31C31CA4044C00B83BC4 /* Restaurant.swift */,
			);
			name = CoreData;
			sourceTree = "<group>";
		};
/* End PBXGroup section */

/* Begin PBXNativeTarget section */
		ADE05F1A1C7B21F500872D80 /* FISU_application */ = {
			isa = PBXNativeTarget;
			buildConfigurationList = ADE05F3B1C7B21F600872D80 /* Build configuration list for PBXNativeTarget "FISU_application" */;
			buildPhases = (
				ADE05F171C7B21F500872D80 /* Sources */,
				ADE05F181C7B21F500872D80 /* Frameworks */,
				ADE05F191C7B21F500872D80 /* Resources */,
			);
			buildRules = (
			);
			dependencies = (
			);
			name = FISU_application;
			productName = FISU_application;
			productReference = ADE05F1B1C7B21F500872D80 /* FISU_application.app */;
			productType = "com.apple.product-type.application";
		};
		ADE05F311C7B21F600872D80 /* FISU_applicationTests */ = {
			isa = PBXNativeTarget;
			buildConfigurationList = ADE05F3E1C7B21F600872D80 /* Build configuration list for PBXNativeTarget "FISU_applicationTests" */;
			buildPhases = (
				ADE05F2E1C7B21F600872D80 /* Sources */,
				ADE05F2F1C7B21F600872D80 /* Frameworks */,
				ADE05F301C7B21F600872D80 /* Resources */,
			);
			buildRules = (
			);
			dependencies = (
				ADE05F341C7B21F600872D80 /* PBXTargetDependency */,
			);
			name = FISU_applicationTests;
			productName = FISU_applicationTests;
			productReference = ADE05F321C7B21F600872D80 /* FISU_applicationTests.xctest */;
			productType = "com.apple.product-type.bundle.unit-test";
		};
/* End PBXNativeTarget section */

/* Begin PBXProject section */
		ADE05F131C7B21F500872D80 /* Project object */ = {
			isa = PBXProject;
			attributes = {
				LastSwiftUpdateCheck = 0710;
				LastUpgradeCheck = 0710;
				ORGANIZATIONNAME = "Arnaud ZARAGOZA";
				TargetAttributes = {
					ADE05F1A1C7B21F500872D80 = {
						CreatedOnToolsVersion = 7.1.1;
					};
					ADE05F311C7B21F600872D80 = {
						CreatedOnToolsVersion = 7.1.1;
						TestTargetID = ADE05F1A1C7B21F500872D80;
					};
				};
			};
			buildConfigurationList = ADE05F161C7B21F500872D80 /* Build configuration list for PBXProject "FISU_application" */;
			compatibilityVersion = "Xcode 3.2";
			developmentRegion = English;
			hasScannedForEncodings = 0;
			knownRegions = (
				en,
				Base,
			);
			mainGroup = ADE05F121C7B21F500872D80;
			productRefGroup = ADE05F1C1C7B21F500872D80 /* Products */;
			projectDirPath = "";
			projectRoot = "";
			targets = (
				ADE05F1A1C7B21F500872D80 /* FISU_application */,
				ADE05F311C7B21F600872D80 /* FISU_applicationTests */,
			);
		};
/* End PBXProject section */

/* Begin PBXResourcesBuildPhase section */
		ADE05F191C7B21F500872D80 /* Resources */ = {
			isa = PBXResourcesBuildPhase;
			buildActionMask = 2147483647;
			files = (
				ADE05F2C1C7B21F600872D80 /* LaunchScreen.storyboard in Resources */,
				E251998B1CBC209000853B07 /* sport.png in Resources */,
				E21278B61CBAF6CA003E383E /* calendar.png in Resources */,
				E25199961CBC548C00853B07 /* miscChecked.png in Resources */,
				ADE05F291C7B21F600872D80 /* Assets.xcassets in Resources */,
				AD71E33C1CB39D8A005E784E /* 1721692.png in Resources */,
				ADE05F241C7B21F600872D80 /* Main.storyboard in Resources */,
				E25199951CBC548C00853B07 /* microChecked.png in Resources */,
				E25199911CBC548600853B07 /* micro.png in Resources */,
				E25199971CBC548C00853B07 /* sportChecked.png in Resources */,
				E21278B41CBAF6CA003E383E /* misc.png in Resources */,
			);
			runOnlyForDeploymentPostprocessing = 0;
		};
		ADE05F301C7B21F600872D80 /* Resources */ = {
			isa = PBXResourcesBuildPhase;
			buildActionMask = 2147483647;
			files = (
				AD71E33D1CB39D8A005E784E /* 1721692.png in Resources */,
			);
			runOnlyForDeploymentPostprocessing = 0;
		};
/* End PBXResourcesBuildPhase section */

/* Begin PBXSourcesBuildPhase section */
		ADE05F171C7B21F500872D80 /* Sources */ = {
			isa = PBXSourcesBuildPhase;
			buildActionMask = 2147483647;
			files = (
				AD71E3451CB39FCB005E784E /* DayWithActivities.swift in Sources */,
				E2ECC0D41CB9555D0058F888 /* RestaurantPageViewController.swift in Sources */,
				AD71E34B1CB39FDD005E784E /* Map.swift in Sources */,
				E2AD35631CB6B5C300891CF2 /* SpeakerTableViewCell.swift in Sources */,
				E21A31D61CA4044C00B83BC4 /* Place.swift in Sources */,
				E2ECC0CB1CB947FB0058F888 /* RestaurantTableViewCell.swift in Sources */,
				E274E0681C91B43500AF8CE9 /* MapViewController.swift in Sources */,
				ADB25C6B1C860B8E00AF3369 /* EventViewController.swift in Sources */,
				AD71E3421CB39FC0005E784E /* Programme.swift in Sources */,
				E21A31B21CA4029200B83BC4 /* FisuCoreDataManager.swift in Sources */,
				E2ECC0DD1CBA7D4C0058F888 /* Place Annotation.swift in Sources */,
				E21A31CC1CA4044C00B83BC4 /* Speaker+CoreDataProperties.swift in Sources */,
				E2ECC0CE1CB948F70058F888 /* RestaurantViewController.swift in Sources */,
				E2AD35661CB6C21100891CF2 /* SpeakerViewController.swift in Sources */,
				E21A31D21CA4044C00B83BC4 /* PlaceType.swift in Sources */,
				AD71E33F1CB39F88005E784E /* Event.swift in Sources */,
				E2ECC0D11CB94BB70058F888 /* RestaurantSet.swift in Sources */,
				E21A31DA1CA4044C00B83BC4 /* Activity.swift in Sources */,
				E21A31E21CA4044C00B83BC4 /* Restaurant.swift in Sources */,
				ADAAB9091C7C5B6000EE9FEE /* ProgrammeViewController.swift in Sources */,
				ADE05F271C7B21F600872D80 /* FISU_application.xcdatamodeld in Sources */,
				E21A31D81CA4044C00B83BC4 /* Activity+CoreDataProperties.swift in Sources */,
				ADAAB9031C7C57E400EE9FEE /* ProgrammeTableViewCell.swift in Sources */,
				E21A31DE1CA4044C00B83BC4 /* ActivityCategory.swift in Sources */,
				E21A31D01CA4044C00B83BC4 /* PlaceType+CoreDataProperties.swift in Sources */,
				AD71E34E1CB3A2A0005E784E /* SpeakerSet.swift in Sources */,
				E21A31D41CA4044C00B83BC4 /* Place+CoreDataProperties.swift in Sources */,
				E21A31E01CA4044C00B83BC4 /* Restaurant+CoreDataProperties.swift in Sources */,
				ADE05F211C7B21F600872D80 /* ViewController.swift in Sources */,
				E21A31DC1CA4044C00B83BC4 /* ActivityCategory+CoreDataProperties.swift in Sources */,
				E21A31CE1CA4044C00B83BC4 /* Speaker.swift in Sources */,
				ADE05F1F1C7B21F600872D80 /* AppDelegate.swift in Sources */,
			);
			runOnlyForDeploymentPostprocessing = 0;
		};
		ADE05F2E1C7B21F600872D80 /* Sources */ = {
			isa = PBXSourcesBuildPhase;
			buildActionMask = 2147483647;
			files = (
				E21A31DD1CA4044C00B83BC4 /* ActivityCategory+CoreDataProperties.swift in Sources */,
				E2ECC0CF1CB948F70058F888 /* RestaurantViewController.swift in Sources */,
				E21A31DB1CA4044C00B83BC4 /* Activity.swift in Sources */,
				ADAAB90A1C7C5B6000EE9FEE /* ProgrammeViewController.swift in Sources */,
				E2ECC0D21CB94BB70058F888 /* RestaurantSet.swift in Sources */,
				AD71E3461CB39FCB005E784E /* DayWithActivities.swift in Sources */,
				E21A31CD1CA4044C00B83BC4 /* Speaker+CoreDataProperties.swift in Sources */,
				E2AD35671CB6C21100891CF2 /* SpeakerViewController.swift in Sources */,
				E21A31D11CA4044C00B83BC4 /* PlaceType+CoreDataProperties.swift in Sources */,
				ADAAB9041C7C57E400EE9FEE /* ProgrammeTableViewCell.swift in Sources */,
				AD71E34C1CB39FDD005E784E /* Map.swift in Sources */,
				AD71E3401CB39F88005E784E /* Event.swift in Sources */,
				AD71E34F1CB3A2A0005E784E /* SpeakerSet.swift in Sources */,
				E2493F0E1CBCCBBB00BDD760 /* FISU_application.xcdatamodeld in Sources */,
				E2ECC0D51CB9555D0058F888 /* RestaurantPageViewController.swift in Sources */,
				E2493F0F1CBCCBD900BDD760 /* MapViewController.swift in Sources */,
				E21A31DF1CA4044C00B83BC4 /* ActivityCategory.swift in Sources */,
				E21A31CF1CA4044C00B83BC4 /* Speaker.swift in Sources */,
				AD71E3431CB39FC0005E784E /* Programme.swift in Sources */,
				E2AD35641CB6B5C300891CF2 /* SpeakerTableViewCell.swift in Sources */,
				E2493F0D1CBCCB0900BDD760 /* AppDelegate.swift in Sources */,
				E21A31D51CA4044C00B83BC4 /* Place+CoreDataProperties.swift in Sources */,
				E2ECC0CC1CB947FB0058F888 /* RestaurantTableViewCell.swift in Sources */,
				E21A31B31CA4029200B83BC4 /* FisuCoreDataManager.swift in Sources */,
				E21A31D71CA4044C00B83BC4 /* Place.swift in Sources */,
				E2ECC0DE1CBA7D4C0058F888 /* Place Annotation.swift in Sources */,
				ADB25C6C1C860B8E00AF3369 /* EventViewController.swift in Sources */,
				E21A31E11CA4044C00B83BC4 /* Restaurant+CoreDataProperties.swift in Sources */,
				E21A31D91CA4044C00B83BC4 /* Activity+CoreDataProperties.swift in Sources */,
				E21A31E31CA4044C00B83BC4 /* Restaurant.swift in Sources */,
				E21A31D31CA4044C00B83BC4 /* PlaceType.swift in Sources */,
				ADE05F371C7B21F600872D80 /* FISU_applicationTests.swift in Sources */,
			);
			runOnlyForDeploymentPostprocessing = 0;
		};
/* End PBXSourcesBuildPhase section */

/* Begin PBXTargetDependency section */
		ADE05F341C7B21F600872D80 /* PBXTargetDependency */ = {
			isa = PBXTargetDependency;
			target = ADE05F1A1C7B21F500872D80 /* FISU_application */;
			targetProxy = ADE05F331C7B21F600872D80 /* PBXContainerItemProxy */;
		};
/* End PBXTargetDependency section */

/* Begin PBXVariantGroup section */
		ADE05F221C7B21F600872D80 /* Main.storyboard */ = {
			isa = PBXVariantGroup;
			children = (
				ADE05F231C7B21F600872D80 /* Base */,
			);
			name = Main.storyboard;
			sourceTree = "<group>";
		};
		ADE05F2A1C7B21F600872D80 /* LaunchScreen.storyboard */ = {
			isa = PBXVariantGroup;
			children = (
				ADE05F2B1C7B21F600872D80 /* Base */,
			);
			name = LaunchScreen.storyboard;
			sourceTree = "<group>";
		};
/* End PBXVariantGroup section */

/* Begin XCBuildConfiguration section */
		ADE05F391C7B21F600872D80 /* Debug */ = {
			isa = XCBuildConfiguration;
			buildSettings = {
				ALWAYS_SEARCH_USER_PATHS = NO;
				CLANG_CXX_LANGUAGE_STANDARD = "gnu++0x";
				CLANG_CXX_LIBRARY = "libc++";
				CLANG_ENABLE_MODULES = YES;
				CLANG_ENABLE_OBJC_ARC = YES;
				CLANG_WARN_BOOL_CONVERSION = YES;
				CLANG_WARN_CONSTANT_CONVERSION = YES;
				CLANG_WARN_DIRECT_OBJC_ISA_USAGE = YES_ERROR;
				CLANG_WARN_EMPTY_BODY = YES;
				CLANG_WARN_ENUM_CONVERSION = YES;
				CLANG_WARN_INT_CONVERSION = YES;
				CLANG_WARN_OBJC_ROOT_CLASS = YES_ERROR;
				CLANG_WARN_UNREACHABLE_CODE = YES;
				CLANG_WARN__DUPLICATE_METHOD_MATCH = YES;
				"CODE_SIGN_IDENTITY[sdk=iphoneos*]" = "iPhone Developer";
				COPY_PHASE_STRIP = NO;
				DEBUG_INFORMATION_FORMAT = dwarf;
				ENABLE_STRICT_OBJC_MSGSEND = YES;
				ENABLE_TESTABILITY = YES;
				GCC_C_LANGUAGE_STANDARD = gnu99;
				GCC_DYNAMIC_NO_PIC = NO;
				GCC_NO_COMMON_BLOCKS = YES;
				GCC_OPTIMIZATION_LEVEL = 0;
				GCC_PREPROCESSOR_DEFINITIONS = (
					"DEBUG=1",
					"$(inherited)",
				);
				GCC_WARN_64_TO_32_BIT_CONVERSION = YES;
				GCC_WARN_ABOUT_RETURN_TYPE = YES_ERROR;
				GCC_WARN_UNDECLARED_SELECTOR = YES;
				GCC_WARN_UNINITIALIZED_AUTOS = YES_AGGRESSIVE;
				GCC_WARN_UNUSED_FUNCTION = YES;
				GCC_WARN_UNUSED_VARIABLE = YES;
				IPHONEOS_DEPLOYMENT_TARGET = 9.1;
				MTL_ENABLE_DEBUG_INFO = YES;
				ONLY_ACTIVE_ARCH = YES;
				SDKROOT = iphoneos;
				SWIFT_OPTIMIZATION_LEVEL = "-Onone";
				TARGETED_DEVICE_FAMILY = "1,2";
			};
			name = Debug;
		};
		ADE05F3A1C7B21F600872D80 /* Release */ = {
			isa = XCBuildConfiguration;
			buildSettings = {
				ALWAYS_SEARCH_USER_PATHS = NO;
				CLANG_CXX_LANGUAGE_STANDARD = "gnu++0x";
				CLANG_CXX_LIBRARY = "libc++";
				CLANG_ENABLE_MODULES = YES;
				CLANG_ENABLE_OBJC_ARC = YES;
				CLANG_WARN_BOOL_CONVERSION = YES;
				CLANG_WARN_CONSTANT_CONVERSION = YES;
				CLANG_WARN_DIRECT_OBJC_ISA_USAGE = YES_ERROR;
				CLANG_WARN_EMPTY_BODY = YES;
				CLANG_WARN_ENUM_CONVERSION = YES;
				CLANG_WARN_INT_CONVERSION = YES;
				CLANG_WARN_OBJC_ROOT_CLASS = YES_ERROR;
				CLANG_WARN_UNREACHABLE_CODE = YES;
				CLANG_WARN__DUPLICATE_METHOD_MATCH = YES;
				"CODE_SIGN_IDENTITY[sdk=iphoneos*]" = "iPhone Developer";
				COPY_PHASE_STRIP = NO;
				DEBUG_INFORMATION_FORMAT = "dwarf-with-dsym";
				ENABLE_NS_ASSERTIONS = NO;
				ENABLE_STRICT_OBJC_MSGSEND = YES;
				GCC_C_LANGUAGE_STANDARD = gnu99;
				GCC_NO_COMMON_BLOCKS = YES;
				GCC_WARN_64_TO_32_BIT_CONVERSION = YES;
				GCC_WARN_ABOUT_RETURN_TYPE = YES_ERROR;
				GCC_WARN_UNDECLARED_SELECTOR = YES;
				GCC_WARN_UNINITIALIZED_AUTOS = YES_AGGRESSIVE;
				GCC_WARN_UNUSED_FUNCTION = YES;
				GCC_WARN_UNUSED_VARIABLE = YES;
				IPHONEOS_DEPLOYMENT_TARGET = 9.1;
				MTL_ENABLE_DEBUG_INFO = NO;
				SDKROOT = iphoneos;
				TARGETED_DEVICE_FAMILY = "1,2";
				VALIDATE_PRODUCT = YES;
			};
			name = Release;
		};
		ADE05F3C1C7B21F600872D80 /* Debug */ = {
			isa = XCBuildConfiguration;
			buildSettings = {
				ASSETCATALOG_COMPILER_APPICON_NAME = AppIcon;
				INFOPLIST_FILE = FISU_application/Info.plist;
				LD_RUNPATH_SEARCH_PATHS = "$(inherited) @executable_path/Frameworks";
				PRODUCT_BUNDLE_IDENTIFIER = "polytech.FISU-application";
				PRODUCT_NAME = "$(TARGET_NAME)";
			};
			name = Debug;
		};
		ADE05F3D1C7B21F600872D80 /* Release */ = {
			isa = XCBuildConfiguration;
			buildSettings = {
				ASSETCATALOG_COMPILER_APPICON_NAME = AppIcon;
				INFOPLIST_FILE = FISU_application/Info.plist;
				LD_RUNPATH_SEARCH_PATHS = "$(inherited) @executable_path/Frameworks";
				PRODUCT_BUNDLE_IDENTIFIER = "polytech.FISU-application";
				PRODUCT_NAME = "$(TARGET_NAME)";
			};
			name = Release;
		};
		ADE05F3F1C7B21F600872D80 /* Debug */ = {
			isa = XCBuildConfiguration;
			buildSettings = {
				BUNDLE_LOADER = "$(TEST_HOST)";
				INFOPLIST_FILE = FISU_applicationTests/Info.plist;
				LD_RUNPATH_SEARCH_PATHS = "$(inherited) @executable_path/Frameworks @loader_path/Frameworks";
				PRODUCT_BUNDLE_IDENTIFIER = "polytech.FISU-applicationTests";
				PRODUCT_NAME = "$(TARGET_NAME)";
				TEST_HOST = "$(BUILT_PRODUCTS_DIR)/FISU_application.app/FISU_application";
			};
			name = Debug;
		};
		ADE05F401C7B21F600872D80 /* Release */ = {
			isa = XCBuildConfiguration;
			buildSettings = {
				BUNDLE_LOADER = "$(TEST_HOST)";
				INFOPLIST_FILE = FISU_applicationTests/Info.plist;
				LD_RUNPATH_SEARCH_PATHS = "$(inherited) @executable_path/Frameworks @loader_path/Frameworks";
				PRODUCT_BUNDLE_IDENTIFIER = "polytech.FISU-applicationTests";
				PRODUCT_NAME = "$(TARGET_NAME)";
				TEST_HOST = "$(BUILT_PRODUCTS_DIR)/FISU_application.app/FISU_application";
			};
			name = Release;
		};
/* End XCBuildConfiguration section */

/* Begin XCConfigurationList section */
		ADE05F161C7B21F500872D80 /* Build configuration list for PBXProject "FISU_application" */ = {
			isa = XCConfigurationList;
			buildConfigurations = (
				ADE05F391C7B21F600872D80 /* Debug */,
				ADE05F3A1C7B21F600872D80 /* Release */,
			);
			defaultConfigurationIsVisible = 0;
			defaultConfigurationName = Release;
		};
		ADE05F3B1C7B21F600872D80 /* Build configuration list for PBXNativeTarget "FISU_application" */ = {
			isa = XCConfigurationList;
			buildConfigurations = (
				ADE05F3C1C7B21F600872D80 /* Debug */,
				ADE05F3D1C7B21F600872D80 /* Release */,
			);
			defaultConfigurationIsVisible = 0;
			defaultConfigurationName = Release;
		};
		ADE05F3E1C7B21F600872D80 /* Build configuration list for PBXNativeTarget "FISU_applicationTests" */ = {
			isa = XCConfigurationList;
			buildConfigurations = (
				ADE05F3F1C7B21F600872D80 /* Debug */,
				ADE05F401C7B21F600872D80 /* Release */,
			);
			defaultConfigurationIsVisible = 0;
			defaultConfigurationName = Release;
		};
/* End XCConfigurationList section */

/* Begin XCVersionGroup section */
		ADE05F251C7B21F600872D80 /* FISU_application.xcdatamodeld */ = {
			isa = XCVersionGroup;
			children = (
				ADE05F261C7B21F600872D80 /* FISU_application.xcdatamodel */,
			);
			currentVersion = ADE05F261C7B21F600872D80 /* FISU_application.xcdatamodel */;
			path = FISU_application.xcdatamodeld;
			sourceTree = "<group>";
			versionGroupType = wrapper.xcdatamodel;
		};
/* End XCVersionGroup section */
	};
	rootObject = ADE05F131C7B21F500872D80 /* Project object */;
}
